
Microsoft Visual Studio Solution File, Format Version 12.00
# Visual Studio 15
VisualStudioVersion = 15.0.28307.421
MinimumVisualStudioVersion = 10.0.40219.1
Project("{FAE04EC0-301F-11D3-BF4B-00C04F79EFBC}") = "Console", "Console\Console.csproj", "{0507B71D-4ABC-4A3A-B1A4-1D1295CB8A0F}"
EndProject
Project("{FAE04EC0-301F-11D3-BF4B-00C04F79EFBC}") = "Tasks", "..\shared\Tasks\Tasks.csproj", "{0ADAD786-D9B8-42D2-A38D-3AF78F00A558}"
EndProject
Project("{FAE04EC0-301F-11D3-BF4B-00C04F79EFBC}") = "DataBase", "..\shared\DataBase\DataBase.csproj", "{D8985277-3605-44BB-9D64-2629B6DBD24C}"
EndProject
Project("{FAE04EC0-301F-11D3-BF4B-00C04F79EFBC}") = "TasksInterfaces", "..\core\TasksInterfaces\TasksInterfaces.csproj", "{6BD0E90A-C936-4B1D-9390-64EB66E8EE96}"
EndProject
Global
	GlobalSection(SolutionConfigurationPlatforms) = preSolution
		Debug|Any CPU = Debug|Any CPU
		Release|Any CPU = Release|Any CPU
	EndGlobalSection
	GlobalSection(ProjectConfigurationPlatforms) = postSolution
		{0507B71D-4ABC-4A3A-B1A4-1D1295CB8A0F}.Debug|Any CPU.ActiveCfg = Debug|Any CPU
		{0507B71D-4ABC-4A3A-B1A4-1D1295CB8A0F}.Debug|Any CPU.Build.0 = Debug|Any CPU
		{0507B71D-4ABC-4A3A-B1A4-1D1295CB8A0F}.Release|Any CPU.ActiveCfg = Release|Any CPU
		{0507B71D-4ABC-4A3A-B1A4-1D1295CB8A0F}.Release|Any CPU.Build.0 = Release|Any CPU
		{0ADAD786-D9B8-42D2-A38D-3AF78F00A558}.Debug|Any CPU.ActiveCfg = Debug|Any CPU
		{0ADAD786-D9B8-42D2-A38D-3AF78F00A558}.Debug|Any CPU.Build.0 = Debug|Any CPU
		{0ADAD786-D9B8-42D2-A38D-3AF78F00A558}.Release|Any CPU.ActiveCfg = Release|Any CPU
		{0ADAD786-D9B8-42D2-A38D-3AF78F00A558}.Release|Any CPU.Build.0 = Release|Any CPU
		{D8985277-3605-44BB-9D64-2629B6DBD24C}.Debug|Any CPU.ActiveCfg = Debug|Any CPU
		{D8985277-3605-44BB-9D64-2629B6DBD24C}.Debug|Any CPU.Build.0 = Debug|Any CPU
		{D8985277-3605-44BB-9D64-2629B6DBD24C}.Release|Any CPU.ActiveCfg = Release|Any CPU
		{D8985277-3605-44BB-9D64-2629B6DBD24C}.Release|Any CPU.Build.0 = Release|Any CPU
		{6BD0E90A-C936-4B1D-9390-64EB66E8EE96}.Debug|Any CPU.ActiveCfg = Debug|Any CPU
		{6BD0E90A-C936-4B1D-9390-64EB66E8EE96}.Debug|Any CPU.Build.0 = Debug|Any CPU
		{6BD0E90A-C936-4B1D-9390-64EB66E8EE96}.Release|Any CPU.ActiveCfg = Release|Any CPU
		{6BD0E90A-C936-4B1D-9390-64EB66E8EE96}.Release|Any CPU.Build.0 = Release|Any CPU
	EndGlobalSection
	GlobalSection(SolutionProperties) = preSolution
		HideSolutionNode = FALSE
	EndGlobalSection
	GlobalSection(ExtensibilityGlobals) = postSolution
		SolutionGuid = {C043ED0F-BC33-43CD-8F0F-B348BFB7584C}
	EndGlobalSection
EndGlobal
