
Microsoft Visual Studio Solution File, Format Version 12.00
# Visual Studio 15
VisualStudioVersion = 15.0.28307.421
MinimumVisualStudioVersion = 10.0.40219.1
Project("{FAE04EC0-301F-11D3-BF4B-00C04F79EFBC}") = "Console", "Console\Console.csproj", "{C2594A1A-7338-44F5-BFC2-817BAC8F4D66}"
EndProject
Project("{9A19103F-16F7-4668-BE54-9A1E7A4F7556}") = "Examples", "Examples\Examples.csproj", "{E0D91D50-743E-4B66-8DBF-7F9F8800E525}"
EndProject
Project("{6EC3EE1D-3C4E-46DD-8F32-0CC8E7565705}") = "JobProcessor", "JobProcessor\JobProcessor.fsproj", "{84D042EC-9C22-47F2-8B92-3AC419832CC3}"
EndProject
Project("{9A19103F-16F7-4668-BE54-9A1E7A4F7556}") = "Message", "Message\Message.csproj", "{B7DE7D35-CE45-4272-AB1A-1AF94E238F2E}"
EndProject
Global
	GlobalSection(SolutionConfigurationPlatforms) = preSolution
		Debug|Any CPU = Debug|Any CPU
		Release|Any CPU = Release|Any CPU
	EndGlobalSection
	GlobalSection(ProjectConfigurationPlatforms) = postSolution
		{C2594A1A-7338-44F5-BFC2-817BAC8F4D66}.Debug|Any CPU.ActiveCfg = Debug|Any CPU
		{C2594A1A-7338-44F5-BFC2-817BAC8F4D66}.Debug|Any CPU.Build.0 = Debug|Any CPU
		{C2594A1A-7338-44F5-BFC2-817BAC8F4D66}.Release|Any CPU.ActiveCfg = Release|Any CPU
		{C2594A1A-7338-44F5-BFC2-817BAC8F4D66}.Release|Any CPU.Build.0 = Release|Any CPU
		{E0D91D50-743E-4B66-8DBF-7F9F8800E525}.Debug|Any CPU.ActiveCfg = Debug|Any CPU
		{E0D91D50-743E-4B66-8DBF-7F9F8800E525}.Debug|Any CPU.Build.0 = Debug|Any CPU
		{E0D91D50-743E-4B66-8DBF-7F9F8800E525}.Release|Any CPU.ActiveCfg = Release|Any CPU
		{E0D91D50-743E-4B66-8DBF-7F9F8800E525}.Release|Any CPU.Build.0 = Release|Any CPU
		{84D042EC-9C22-47F2-8B92-3AC419832CC3}.Debug|Any CPU.ActiveCfg = Debug|Any CPU
		{84D042EC-9C22-47F2-8B92-3AC419832CC3}.Debug|Any CPU.Build.0 = Debug|Any CPU
		{84D042EC-9C22-47F2-8B92-3AC419832CC3}.Release|Any CPU.ActiveCfg = Release|Any CPU
		{84D042EC-9C22-47F2-8B92-3AC419832CC3}.Release|Any CPU.Build.0 = Release|Any CPU
		{B7DE7D35-CE45-4272-AB1A-1AF94E238F2E}.Debug|Any CPU.ActiveCfg = Debug|Any CPU
		{B7DE7D35-CE45-4272-AB1A-1AF94E238F2E}.Debug|Any CPU.Build.0 = Debug|Any CPU
		{B7DE7D35-CE45-4272-AB1A-1AF94E238F2E}.Release|Any CPU.ActiveCfg = Release|Any CPU
		{B7DE7D35-CE45-4272-AB1A-1AF94E238F2E}.Release|Any CPU.Build.0 = Release|Any CPU
	EndGlobalSection
	GlobalSection(SolutionProperties) = preSolution
		HideSolutionNode = FALSE
	EndGlobalSection
	GlobalSection(ExtensibilityGlobals) = postSolution
		SolutionGuid = {64AD3E74-1927-4CD2-8E79-26177D8098BE}
	EndGlobalSection
EndGlobal
